
Microsoft Visual Studio Solution File, Format Version 12.00
# Visual Studio Version 16
VisualStudioVersion = 16.0.30413.136
MinimumVisualStudioVersion = 10.0.40219.1
Project("{8BC9CEB8-8B4A-11D0-8D11-00A0C91BC942}") = "LinkAPI", "LinkAPI\LinkAPI.vcxproj", "{4E7AFFDC-BFBD-452E-AD23-C7A4BB60DCDF}"
EndProject
Global
	GlobalSection(SolutionConfigurationPlatforms) = preSolution
		Debug|x86 = Debug|x86
		Release|x86 = Release|x86
	EndGlobalSection
	GlobalSection(ProjectConfigurationPlatforms) = postSolution
		{4E7AFFDC-BFBD-452E-AD23-C7A4BB60DCDF}.Debug|x86.ActiveCfg = Debug|Win32
		{4E7AFFDC-BFBD-452E-AD23-C7A4BB60DCDF}.Debug|x86.Build.0 = Debug|Win32
		{4E7AFFDC-BFBD-452E-AD23-C7A4BB60DCDF}.Release|x86.ActiveCfg = Release|Win32
		{4E7AFFDC-BFBD-452E-AD23-C7A4BB60DCDF}.Release|x86.Build.0 = Release|Win32
	EndGlobalSection
	GlobalSection(SolutionProperties) = preSolution
		HideSolutionNode = FALSE
	EndGlobalSection
	GlobalSection(ExtensibilityGlobals) = postSolution
		SolutionGuid = {C03119C0-A55C-4EB2-AB5D-AFFE2B0BDB71}
	EndGlobalSection
EndGlobal
