<?xml version="1.0" encoding="utf-8"?>
<Project ToolsVersion="4.0" xmlns="http://schemas.microsoft.com/developer/msbuild/2003">
  <ItemGroup>
    <Filter Include="Source Files">
      <UniqueIdentifier>{4FC737F1-C7A5-4376-A066-2A32D752A2FF}</UniqueIdentifier>
      <Extensions>cpp;c;cc;cxx;c++;cppm;ixx;def;odl;idl;hpj;bat;asm;asmx</Extensions>
    </Filter>
    <Filter Include="Resource Files">
      <UniqueIdentifier>{67DA6AB6-F800-4c08-8B7A-83BB121AAD01}</UniqueIdentifier>
      <Extensions>rc;ico;cur;bmp;dlg;rc2;rct;bin;rgs;gif;jpg;jpeg;jpe;resx;tiff;tif;png;wav;mfcribbon-ms</Extensions>
    </Filter>
    <Filter Include="Source Files\Objects">
      <UniqueIdentifier>{31188e46-b00a-4fe9-8d42-0f4eaec042ab}</UniqueIdentifier>
    </Filter>
    <Filter Include="Source Files\LinkAPI">
      <UniqueIdentifier>{58417589-4eff-49a1-99c0-2a0b1215dbd3}</UniqueIdentifier>
    </Filter>
  </ItemGroup>
  <ItemGroup>
    <ClCompile Include="..\Objects\Example.c">
      <Filter>Source Files\Objects</Filter>
    </ClCompile>
    <ClCompile Include="dllmain.cpp">
      <Filter>Source Files\LinkAPI</Filter>
    </ClCompile>
    <ClCompile Include="GameObjects.c">
      <Filter>Source Files\LinkAPI</Filter>
    </ClCompile>
  </ItemGroup>
  <ItemGroup>
    <ClInclude Include="..\Objects\Example.h">
      <Filter>Source Files\Objects</Filter>
    </ClInclude>
    <ClInclude Include="LinkAPI.h">
      <Filter>Source Files\LinkAPI</Filter>
    </ClInclude>
    <ClInclude Include="GameLink.h">
      <Filter>Source Files\LinkAPI</Filter>
    </ClInclude>
  </ItemGroup>
</Project>